
Microsoft Visual Studio Solution File, Format Version 12.00
# Visual Studio Version 17
VisualStudioVersion = 17.7.34024.191
MinimumVisualStudioVersion = 10.0.40219.1
Project("{FAE04EC0-301F-11D3-BF4B-00C04F79EFBC}") = "MrKan.RocketPermissionsOptimizer", "MrKan.RocketPermissionsOptimizer.csproj", "{0C5F584D-6018-462B-AC8C-416127B8F7C8}"
EndProject
Global
	GlobalSection(SolutionConfigurationPlatforms) = preSolution
		Debug|Any CPU = Debug|Any CPU
		Release|Any CPU = Release|Any CPU
	EndGlobalSection
	GlobalSection(ProjectConfigurationPlatforms) = postSolution
		{0C5F584D-6018-462B-AC8C-416127B8F7C8}.Debug|Any CPU.ActiveCfg = Debug|Any CPU
		{0C5F584D-6018-462B-AC8C-416127B8F7C8}.Debug|Any CPU.Build.0 = Debug|Any CPU
		{0C5F584D-6018-462B-AC8C-416127B8F7C8}.Release|Any CPU.ActiveCfg = Release|Any CPU
		{0C5F584D-6018-462B-AC8C-416127B8F7C8}.Release|Any CPU.Build.0 = Release|Any CPU
	EndGlobalSection
	GlobalSection(SolutionProperties) = preSolution
		HideSolutionNode = FALSE
	EndGlobalSection
	GlobalSection(ExtensibilityGlobals) = postSolution
		SolutionGuid = {0D975F9F-71CB-40D7-85B1-A8E403EE975C}
	EndGlobalSection
EndGlobal
